// !$*UTF8*$!
{
	archiveVersion = 1;
	classes = {
	};
	objectVersion = 51;
	objects = {

/* Begin PBXBuildFile section */
		58C6C5DCEC1851A7ABD30842 /* Pods_Fitness_swift.framework in Frameworks */ = {isa = PBXBuildFile; fileRef = EA1FA7E62F9AD34AC0E0A3D0 /* Pods_Fitness_swift.framework */; };
		678A773F2B7AC9B9B10D9BD1 /* Pods_Fitness_swift_Fitness_swiftUITests.framework in Frameworks */ = {isa = PBXBuildFile; fileRef = 13AC970EB4A1C44851827FAD /* Pods_Fitness_swift_Fitness_swiftUITests.framework */; };
		C2AB54798C52ACDB5E86C8EE /* Pods_Fitness_swiftTests.framework in Frameworks */ = {isa = PBXBuildFile; fileRef = 32BBEBF8D4EE64303DD23842 /* Pods_Fitness_swiftTests.framework */; };
		E584ADD72622094E006B836C /* Fitness_swiftApp.swift in Sources */ = {isa = PBXBuildFile; fileRef = E584ADD62622094E006B836C /* Fitness_swiftApp.swift */; };
		E584ADD92622094E006B836C /* ContentView.swift in Sources */ = {isa = PBXBuildFile; fileRef = E584ADD82622094E006B836C /* ContentView.swift */; };
		E584ADDB26220951006B836C /* Assets.xcassets in Resources */ = {isa = PBXBuildFile; fileRef = E584ADDA26220951006B836C /* Assets.xcassets */; };
		E584ADDE26220951006B836C /* Preview Assets.xcassets in Resources */ = {isa = PBXBuildFile; fileRef = E584ADDD26220951006B836C /* Preview Assets.xcassets */; };
		E584ADE926220951006B836C /* Fitness_swiftTests.swift in Sources */ = {isa = PBXBuildFile; fileRef = E584ADE826220951006B836C /* Fitness_swiftTests.swift */; };
		E584ADF426220951006B836C /* Fitness_swiftUITests.swift in Sources */ = {isa = PBXBuildFile; fileRef = E584ADF326220951006B836C /* Fitness_swiftUITests.swift */; };
		E584AE0526221012006B836C /* AddWorkoutPage.swift in Sources */ = {isa = PBXBuildFile; fileRef = E584AE0426221012006B836C /* AddWorkoutPage.swift */; };
		E584AE0A2622102D006B836C /* CurrentWorkoutsPage.swift in Sources */ = {isa = PBXBuildFile; fileRef = E584AE092622102D006B836C /* CurrentWorkoutsPage.swift */; };
		E584AE152622183D006B836C /* GoogleService-Info.plist in Resources */ = {isa = PBXBuildFile; fileRef = E584AE142622183D006B836C /* GoogleService-Info.plist */; };
		E584AE6B26221A3D006B836C /* AppDelegate.swift in Sources */ = {isa = PBXBuildFile; fileRef = E584AE6A26221A3D006B836C /* AppDelegate.swift */; };
/* End PBXBuildFile section */

/* Begin PBXContainerItemProxy section */
		E584ADE526220951006B836C /* PBXContainerItemProxy */ = {
			isa = PBXContainerItemProxy;
			containerPortal = E584ADCB2622094E006B836C /* Project object */;
			proxyType = 1;
			remoteGlobalIDString = E584ADD22622094E006B836C;
			remoteInfo = Fitness_swift;
		};
		E584ADF026220951006B836C /* PBXContainerItemProxy */ = {
			isa = PBXContainerItemProxy;
			containerPortal = E584ADCB2622094E006B836C /* Project object */;
			proxyType = 1;
			remoteGlobalIDString = E584ADD22622094E006B836C;
			remoteInfo = Fitness_swift;
		};
/* End PBXContainerItemProxy section */

/* Begin PBXFileReference section */
		13AC970EB4A1C44851827FAD /* Pods_Fitness_swift_Fitness_swiftUITests.framework */ = {isa = PBXFileReference; explicitFileType = wrapper.framework; includeInIndex = 0; path = Pods_Fitness_swift_Fitness_swiftUITests.framework; sourceTree = BUILT_PRODUCTS_DIR; };
		32BBEBF8D4EE64303DD23842 /* Pods_Fitness_swiftTests.framework */ = {isa = PBXFileReference; explicitFileType = wrapper.framework; includeInIndex = 0; path = Pods_Fitness_swiftTests.framework; sourceTree = BUILT_PRODUCTS_DIR; };
		64C08FF138D84D1C53D785F4 /* Pods-Fitness_swift-Fitness_swiftUITests.debug.xcconfig */ = {isa = PBXFileReference; includeInIndex = 1; lastKnownFileType = text.xcconfig; name = "Pods-Fitness_swift-Fitness_swiftUITests.debug.xcconfig"; path = "Target Support Files/Pods-Fitness_swift-Fitness_swiftUITests/Pods-Fitness_swift-Fitness_swiftUITests.debug.xcconfig"; sourceTree = "<group>"; };
		8A66AD3F79A949D078D8AB3A /* Pods-Fitness_swift.release.xcconfig */ = {isa = PBXFileReference; includeInIndex = 1; lastKnownFileType = text.xcconfig; name = "Pods-Fitness_swift.release.xcconfig"; path = "Target Support Files/Pods-Fitness_swift/Pods-Fitness_swift.release.xcconfig"; sourceTree = "<group>"; };
		8BBD0AB8FA81A57CB1B4AD78 /* Pods-Fitness_swift-Fitness_swiftUITests.release.xcconfig */ = {isa = PBXFileReference; includeInIndex = 1; lastKnownFileType = text.xcconfig; name = "Pods-Fitness_swift-Fitness_swiftUITests.release.xcconfig"; path = "Target Support Files/Pods-Fitness_swift-Fitness_swiftUITests/Pods-Fitness_swift-Fitness_swiftUITests.release.xcconfig"; sourceTree = "<group>"; };
		C2F3DCD7AB4A6813553D290F /* Pods-Fitness_swiftTests.debug.xcconfig */ = {isa = PBXFileReference; includeInIndex = 1; lastKnownFileType = text.xcconfig; name = "Pods-Fitness_swiftTests.debug.xcconfig"; path = "Target Support Files/Pods-Fitness_swiftTests/Pods-Fitness_swiftTests.debug.xcconfig"; sourceTree = "<group>"; };
		CD4C4F0425EBAE8F7944B514 /* Pods-Fitness_swiftTests.release.xcconfig */ = {isa = PBXFileReference; includeInIndex = 1; lastKnownFileType = text.xcconfig; name = "Pods-Fitness_swiftTests.release.xcconfig"; path = "Target Support Files/Pods-Fitness_swiftTests/Pods-Fitness_swiftTests.release.xcconfig"; sourceTree = "<group>"; };
		E584ADD32622094E006B836C /* Fitness_swift.app */ = {isa = PBXFileReference; explicitFileType = wrapper.application; includeInIndex = 0; path = Fitness_swift.app; sourceTree = BUILT_PRODUCTS_DIR; };
		E584ADD62622094E006B836C /* Fitness_swiftApp.swift */ = {isa = PBXFileReference; lastKnownFileType = sourcecode.swift; path = Fitness_swiftApp.swift; sourceTree = "<group>"; };
		E584ADD82622094E006B836C /* ContentView.swift */ = {isa = PBXFileReference; lastKnownFileType = sourcecode.swift; path = ContentView.swift; sourceTree = "<group>"; };
		E584ADDA26220951006B836C /* Assets.xcassets */ = {isa = PBXFileReference; lastKnownFileType = folder.assetcatalog; path = Assets.xcassets; sourceTree = "<group>"; };
		E584ADDD26220951006B836C /* Preview Assets.xcassets */ = {isa = PBXFileReference; lastKnownFileType = folder.assetcatalog; path = "Preview Assets.xcassets"; sourceTree = "<group>"; };
		E584ADDF26220951006B836C /* Info.plist */ = {isa = PBXFileReference; lastKnownFileType = text.plist.xml; path = Info.plist; sourceTree = "<group>"; };
		E584ADE426220951006B836C /* Fitness_swiftTests.xctest */ = {isa = PBXFileReference; explicitFileType = wrapper.cfbundle; includeInIndex = 0; path = Fitness_swiftTests.xctest; sourceTree = BUILT_PRODUCTS_DIR; };
		E584ADE826220951006B836C /* Fitness_swiftTests.swift */ = {isa = PBXFileReference; lastKnownFileType = sourcecode.swift; path = Fitness_swiftTests.swift; sourceTree = "<group>"; };
		E584ADEA26220951006B836C /* Info.plist */ = {isa = PBXFileReference; lastKnownFileType = text.plist.xml; path = Info.plist; sourceTree = "<group>"; };
		E584ADEF26220951006B836C /* Fitness_swiftUITests.xctest */ = {isa = PBXFileReference; explicitFileType = wrapper.cfbundle; includeInIndex = 0; path = Fitness_swiftUITests.xctest; sourceTree = BUILT_PRODUCTS_DIR; };
		E584ADF326220951006B836C /* Fitness_swiftUITests.swift */ = {isa = PBXFileReference; lastKnownFileType = sourcecode.swift; path = Fitness_swiftUITests.swift; sourceTree = "<group>"; };
		E584ADF526220951006B836C /* Info.plist */ = {isa = PBXFileReference; lastKnownFileType = text.plist.xml; path = Info.plist; sourceTree = "<group>"; };
		E584AE0426221012006B836C /* AddWorkoutPage.swift */ = {isa = PBXFileReference; lastKnownFileType = sourcecode.swift; path = AddWorkoutPage.swift; sourceTree = "<group>"; };
		E584AE092622102D006B836C /* CurrentWorkoutsPage.swift */ = {isa = PBXFileReference; lastKnownFileType = sourcecode.swift; path = CurrentWorkoutsPage.swift; sourceTree = "<group>"; };
		E584AE142622183D006B836C /* GoogleService-Info.plist */ = {isa = PBXFileReference; fileEncoding = 4; lastKnownFileType = text.plist.xml; path = "GoogleService-Info.plist"; sourceTree = "<group>"; };
		E584AE6A26221A3D006B836C /* AppDelegate.swift */ = {isa = PBXFileReference; lastKnownFileType = sourcecode.swift; path = AppDelegate.swift; sourceTree = "<group>"; };
		EA1FA7E62F9AD34AC0E0A3D0 /* Pods_Fitness_swift.framework */ = {isa = PBXFileReference; explicitFileType = wrapper.framework; includeInIndex = 0; path = Pods_Fitness_swift.framework; sourceTree = BUILT_PRODUCTS_DIR; };
		ECFB8509E0B84CB753BE8774 /* Pods-Fitness_swift.debug.xcconfig */ = {isa = PBXFileReference; includeInIndex = 1; lastKnownFileType = text.xcconfig; name = "Pods-Fitness_swift.debug.xcconfig"; path = "Target Support Files/Pods-Fitness_swift/Pods-Fitness_swift.debug.xcconfig"; sourceTree = "<group>"; };
/* End PBXFileReference section */

/* Begin PBXFrameworksBuildPhase section */
		E584ADD02622094E006B836C /* Frameworks */ = {
			isa = PBXFrameworksBuildPhase;
			buildActionMask = 2147483647;
			files = (
				58C6C5DCEC1851A7ABD30842 /* Pods_Fitness_swift.framework in Frameworks */,
			);
			runOnlyForDeploymentPostprocessing = 0;
		};
		E584ADE126220951006B836C /* Frameworks */ = {
			isa = PBXFrameworksBuildPhase;
			buildActionMask = 2147483647;
			files = (
				C2AB54798C52ACDB5E86C8EE /* Pods_Fitness_swiftTests.framework in Frameworks */,
			);
			runOnlyForDeploymentPostprocessing = 0;
		};
		E584ADEC26220951006B836C /* Frameworks */ = {
			isa = PBXFrameworksBuildPhase;
			buildActionMask = 2147483647;
			files = (
				678A773F2B7AC9B9B10D9BD1 /* Pods_Fitness_swift_Fitness_swiftUITests.framework in Frameworks */,
			);
			runOnlyForDeploymentPostprocessing = 0;
		};
/* End PBXFrameworksBuildPhase section */

/* Begin PBXGroup section */
		1D676F8BB0CCB6FFE317EAA0 /* Frameworks */ = {
			isa = PBXGroup;
			children = (
				EA1FA7E62F9AD34AC0E0A3D0 /* Pods_Fitness_swift.framework */,
				13AC970EB4A1C44851827FAD /* Pods_Fitness_swift_Fitness_swiftUITests.framework */,
				32BBEBF8D4EE64303DD23842 /* Pods_Fitness_swiftTests.framework */,
			);
			name = Frameworks;
			sourceTree = "<group>";
		};
		5317EC7B4736DC2BC5BEC960 /* Pods */ = {
			isa = PBXGroup;
			children = (
				ECFB8509E0B84CB753BE8774 /* Pods-Fitness_swift.debug.xcconfig */,
				8A66AD3F79A949D078D8AB3A /* Pods-Fitness_swift.release.xcconfig */,
				64C08FF138D84D1C53D785F4 /* Pods-Fitness_swift-Fitness_swiftUITests.debug.xcconfig */,
				8BBD0AB8FA81A57CB1B4AD78 /* Pods-Fitness_swift-Fitness_swiftUITests.release.xcconfig */,
				C2F3DCD7AB4A6813553D290F /* Pods-Fitness_swiftTests.debug.xcconfig */,
				CD4C4F0425EBAE8F7944B514 /* Pods-Fitness_swiftTests.release.xcconfig */,
			);
			path = Pods;
			sourceTree = "<group>";
		};
		E584ADCA2622094E006B836C = {
			isa = PBXGroup;
			children = (
				E584ADD52622094E006B836C /* Fitness_swift */,
				E584ADE726220951006B836C /* Fitness_swiftTests */,
				E584ADF226220951006B836C /* Fitness_swiftUITests */,
				E584ADD42622094E006B836C /* Products */,
				5317EC7B4736DC2BC5BEC960 /* Pods */,
				1D676F8BB0CCB6FFE317EAA0 /* Frameworks */,
			);
			sourceTree = "<group>";
		};
		E584ADD42622094E006B836C /* Products */ = {
			isa = PBXGroup;
			children = (
				E584ADD32622094E006B836C /* Fitness_swift.app */,
				E584ADE426220951006B836C /* Fitness_swiftTests.xctest */,
				E584ADEF26220951006B836C /* Fitness_swiftUITests.xctest */,
			);
			name = Products;
			sourceTree = "<group>";
		};
		E584ADD52622094E006B836C /* Fitness_swift */ = {
			isa = PBXGroup;
			children = (
				E584ADD62622094E006B836C /* Fitness_swiftApp.swift */,
				E584ADD82622094E006B836C /* ContentView.swift */,
				E584AE6A26221A3D006B836C /* AppDelegate.swift */,
				E584ADDA26220951006B836C /* Assets.xcassets */,
				E584AE092622102D006B836C /* CurrentWorkoutsPage.swift */,
				E584AE0426221012006B836C /* AddWorkoutPage.swift */,
				E584ADDF26220951006B836C /* Info.plist */,
				E584AE142622183D006B836C /* GoogleService-Info.plist */,
				E584ADDC26220951006B836C /* Preview Content */,
			);
			path = Fitness_swift;
			sourceTree = "<group>";
		};
		E584ADDC26220951006B836C /* Preview Content */ = {
			isa = PBXGroup;
			children = (
				E584ADDD26220951006B836C /* Preview Assets.xcassets */,
			);
			path = "Preview Content";
			sourceTree = "<group>";
		};
		E584ADE726220951006B836C /* Fitness_swiftTests */ = {
			isa = PBXGroup;
			children = (
				E584ADE826220951006B836C /* Fitness_swiftTests.swift */,
				E584ADEA26220951006B836C /* Info.plist */,
			);
			path = Fitness_swiftTests;
			sourceTree = "<group>";
		};
		E584ADF226220951006B836C /* Fitness_swiftUITests */ = {
			isa = PBXGroup;
			children = (
				E584ADF326220951006B836C /* Fitness_swiftUITests.swift */,
				E584ADF526220951006B836C /* Info.plist */,
			);
			path = Fitness_swiftUITests;
			sourceTree = "<group>";
		};
/* End PBXGroup section */

/* Begin PBXNativeTarget section */
		E584ADD22622094E006B836C /* Fitness_swift */ = {
			isa = PBXNativeTarget;
			buildConfigurationList = E584ADF826220951006B836C /* Build configuration list for PBXNativeTarget "Fitness_swift" */;
			buildPhases = (
				45105EDB3F61ABBEBA84C044 /* [CP] Check Pods Manifest.lock */,
				E584ADCF2622094E006B836C /* Sources */,
				E584ADD02622094E006B836C /* Frameworks */,
				E584ADD12622094E006B836C /* Resources */,
				0573717BB2E2194D7C0AAE4D /* [CP] Embed Pods Frameworks */,
			);
			buildRules = (
			);
			dependencies = (
			);
			name = Fitness_swift;
			productName = Fitness_swift;
			productReference = E584ADD32622094E006B836C /* Fitness_swift.app */;
			productType = "com.apple.product-type.application";
		};
		E584ADE326220951006B836C /* Fitness_swiftTests */ = {
			isa = PBXNativeTarget;
			buildConfigurationList = E584ADFB26220951006B836C /* Build configuration list for PBXNativeTarget "Fitness_swiftTests" */;
			buildPhases = (
				FBA47228ABCF91DBBA2A2050 /* [CP] Check Pods Manifest.lock */,
				E584ADE026220951006B836C /* Sources */,
				E584ADE126220951006B836C /* Frameworks */,
				E584ADE226220951006B836C /* Resources */,
			);
			buildRules = (
			);
			dependencies = (
				E584ADE626220951006B836C /* PBXTargetDependency */,
			);
			name = Fitness_swiftTests;
			productName = Fitness_swiftTests;
			productReference = E584ADE426220951006B836C /* Fitness_swiftTests.xctest */;
			productType = "com.apple.product-type.bundle.unit-test";
		};
		E584ADEE26220951006B836C /* Fitness_swiftUITests */ = {
			isa = PBXNativeTarget;
			buildConfigurationList = E584ADFE26220951006B836C /* Build configuration list for PBXNativeTarget "Fitness_swiftUITests" */;
			buildPhases = (
				5F072F40E99FBF996B291024 /* [CP] Check Pods Manifest.lock */,
				E584ADEB26220951006B836C /* Sources */,
				E584ADEC26220951006B836C /* Frameworks */,
				E584ADED26220951006B836C /* Resources */,
				A174AC53365A209B42E5EC85 /* [CP] Embed Pods Frameworks */,
			);
			buildRules = (
			);
			dependencies = (
				E584ADF126220951006B836C /* PBXTargetDependency */,
			);
			name = Fitness_swiftUITests;
			productName = Fitness_swiftUITests;
			productReference = E584ADEF26220951006B836C /* Fitness_swiftUITests.xctest */;
			productType = "com.apple.product-type.bundle.ui-testing";
		};
/* End PBXNativeTarget section */

/* Begin PBXProject section */
		E584ADCB2622094E006B836C /* Project object */ = {
			isa = PBXProject;
			attributes = {
				LastSwiftUpdateCheck = 1240;
				LastUpgradeCheck = 1240;
				TargetAttributes = {
					E584ADD22622094E006B836C = {
						CreatedOnToolsVersion = 12.4;
					};
					E584ADE326220951006B836C = {
						CreatedOnToolsVersion = 12.4;
						TestTargetID = E584ADD22622094E006B836C;
					};
					E584ADEE26220951006B836C = {
						CreatedOnToolsVersion = 12.4;
						TestTargetID = E584ADD22622094E006B836C;
					};
				};
			};
			buildConfigurationList = E584ADCE2622094E006B836C /* Build configuration list for PBXProject "Fitness_swift" */;
			compatibilityVersion = "Xcode 9.3";
			developmentRegion = en;
			hasScannedForEncodings = 0;
			knownRegions = (
				en,
				Base,
			);
			mainGroup = E584ADCA2622094E006B836C;
			productRefGroup = E584ADD42622094E006B836C /* Products */;
			projectDirPath = "";
			projectRoot = "";
			targets = (
				E584ADD22622094E006B836C /* Fitness_swift */,
				E584ADE326220951006B836C /* Fitness_swiftTests */,
				E584ADEE26220951006B836C /* Fitness_swiftUITests */,
			);
		};
/* End PBXProject section */

/* Begin PBXResourcesBuildPhase section */
		E584ADD12622094E006B836C /* Resources */ = {
			isa = PBXResourcesBuildPhase;
			buildActionMask = 2147483647;
			files = (
				E584ADDE26220951006B836C /* Preview Assets.xcassets in Resources */,
				E584ADDB26220951006B836C /* Assets.xcassets in Resources */,
				E584AE152622183D006B836C /* GoogleService-Info.plist in Resources */,
			);
			runOnlyForDeploymentPostprocessing = 0;
		};
		E584ADE226220951006B836C /* Resources */ = {
			isa = PBXResourcesBuildPhase;
			buildActionMask = 2147483647;
			files = (
			);
			runOnlyForDeploymentPostprocessing = 0;
		};
		E584ADED26220951006B836C /* Resources */ = {
			isa = PBXResourcesBuildPhase;
			buildActionMask = 2147483647;
			files = (
			);
			runOnlyForDeploymentPostprocessing = 0;
		};
/* End PBXResourcesBuildPhase section */

/* Begin PBXShellScriptBuildPhase section */
		0573717BB2E2194D7C0AAE4D /* [CP] Embed Pods Frameworks */ = {
			isa = PBXShellScriptBuildPhase;
			buildActionMask = 2147483647;
			files = (
			);
			inputFileListPaths = (
				"${PODS_ROOT}/Target Support Files/Pods-Fitness_swift/Pods-Fitness_swift-frameworks-${CONFIGURATION}-input-files.xcfilelist",
			);
			name = "[CP] Embed Pods Frameworks";
			outputFileListPaths = (
				"${PODS_ROOT}/Target Support Files/Pods-Fitness_swift/Pods-Fitness_swift-frameworks-${CONFIGURATION}-output-files.xcfilelist",
			);
			runOnlyForDeploymentPostprocessing = 0;
			shellPath = /bin/sh;
			shellScript = "\"${PODS_ROOT}/Target Support Files/Pods-Fitness_swift/Pods-Fitness_swift-frameworks.sh\"\n";
			showEnvVarsInLog = 0;
		};
		45105EDB3F61ABBEBA84C044 /* [CP] Check Pods Manifest.lock */ = {
			isa = PBXShellScriptBuildPhase;
			buildActionMask = 2147483647;
			files = (
			);
			inputFileListPaths = (
			);
			inputPaths = (
				"${PODS_PODFILE_DIR_PATH}/Podfile.lock",
				"${PODS_ROOT}/Manifest.lock",
			);
			name = "[CP] Check Pods Manifest.lock";
			outputFileListPaths = (
			);
			outputPaths = (
				"$(DERIVED_FILE_DIR)/Pods-Fitness_swift-checkManifestLockResult.txt",
			);
			runOnlyForDeploymentPostprocessing = 0;
			shellPath = /bin/sh;
			shellScript = "diff \"${PODS_PODFILE_DIR_PATH}/Podfile.lock\" \"${PODS_ROOT}/Manifest.lock\" > /dev/null\nif [ $? != 0 ] ; then\n    # print error to STDERR\n    echo \"error: The sandbox is not in sync with the Podfile.lock. Run 'pod install' or update your CocoaPods installation.\" >&2\n    exit 1\nfi\n# This output is used by Xcode 'outputs' to avoid re-running this script phase.\necho \"SUCCESS\" > \"${SCRIPT_OUTPUT_FILE_0}\"\n";
			showEnvVarsInLog = 0;
		};
		5F072F40E99FBF996B291024 /* [CP] Check Pods Manifest.lock */ = {
			isa = PBXShellScriptBuildPhase;
			buildActionMask = 2147483647;
			files = (
			);
			inputFileListPaths = (
			);
			inputPaths = (
				"${PODS_PODFILE_DIR_PATH}/Podfile.lock",
				"${PODS_ROOT}/Manifest.lock",
			);
			name = "[CP] Check Pods Manifest.lock";
			outputFileListPaths = (
			);
			outputPaths = (
				"$(DERIVED_FILE_DIR)/Pods-Fitness_swift-Fitness_swiftUITests-checkManifestLockResult.txt",
			);
			runOnlyForDeploymentPostprocessing = 0;
			shellPath = /bin/sh;
			shellScript = "diff \"${PODS_PODFILE_DIR_PATH}/Podfile.lock\" \"${PODS_ROOT}/Manifest.lock\" > /dev/null\nif [ $? != 0 ] ; then\n    # print error to STDERR\n    echo \"error: The sandbox is not in sync with the Podfile.lock. Run 'pod install' or update your CocoaPods installation.\" >&2\n    exit 1\nfi\n# This output is used by Xcode 'outputs' to avoid re-running this script phase.\necho \"SUCCESS\" > \"${SCRIPT_OUTPUT_FILE_0}\"\n";
			showEnvVarsInLog = 0;
		};
		A174AC53365A209B42E5EC85 /* [CP] Embed Pods Frameworks */ = {
			isa = PBXShellScriptBuildPhase;
			buildActionMask = 2147483647;
			files = (
			);
			inputFileListPaths = (
				"${PODS_ROOT}/Target Support Files/Pods-Fitness_swift-Fitness_swiftUITests/Pods-Fitness_swift-Fitness_swiftUITests-frameworks-${CONFIGURATION}-input-files.xcfilelist",
			);
			name = "[CP] Embed Pods Frameworks";
			outputFileListPaths = (
				"${PODS_ROOT}/Target Support Files/Pods-Fitness_swift-Fitness_swiftUITests/Pods-Fitness_swift-Fitness_swiftUITests-frameworks-${CONFIGURATION}-output-files.xcfilelist",
			);
			runOnlyForDeploymentPostprocessing = 0;
			shellPath = /bin/sh;
			shellScript = "\"${PODS_ROOT}/Target Support Files/Pods-Fitness_swift-Fitness_swiftUITests/Pods-Fitness_swift-Fitness_swiftUITests-frameworks.sh\"\n";
			showEnvVarsInLog = 0;
		};
		FBA47228ABCF91DBBA2A2050 /* [CP] Check Pods Manifest.lock */ = {
			isa = PBXShellScriptBuildPhase;
			buildActionMask = 2147483647;
			files = (
			);
			inputFileListPaths = (
			);
			inputPaths = (
				"${PODS_PODFILE_DIR_PATH}/Podfile.lock",
				"${PODS_ROOT}/Manifest.lock",
			);
			name = "[CP] Check Pods Manifest.lock";
			outputFileListPaths = (
			);
			outputPaths = (
				"$(DERIVED_FILE_DIR)/Pods-Fitness_swiftTests-checkManifestLockResult.txt",
			);
			runOnlyForDeploymentPostprocessing = 0;
			shellPath = /bin/sh;
			shellScript = "diff \"${PODS_PODFILE_DIR_PATH}/Podfile.lock\" \"${PODS_ROOT}/Manifest.lock\" > /dev/null\nif [ $? != 0 ] ; then\n    # print error to STDERR\n    echo \"error: The sandbox is not in sync with the Podfile.lock. Run 'pod install' or update your CocoaPods installation.\" >&2\n    exit 1\nfi\n# This output is used by Xcode 'outputs' to avoid re-running this script phase.\necho \"SUCCESS\" > \"${SCRIPT_OUTPUT_FILE_0}\"\n";
			showEnvVarsInLog = 0;
		};
/* End PBXShellScriptBuildPhase section */

/* Begin PBXSourcesBuildPhase section */
		E584ADCF2622094E006B836C /* Sources */ = {
			isa = PBXSourcesBuildPhase;
			buildActionMask = 2147483647;
			files = (
				E584AE0526221012006B836C /* AddWorkoutPage.swift in Sources */,
				E584ADD92622094E006B836C /* ContentView.swift in Sources */,
				E584AE0A2622102D006B836C /* CurrentWorkoutsPage.swift in Sources */,
				E584AE6B26221A3D006B836C /* AppDelegate.swift in Sources */,
				E584ADD72622094E006B836C /* Fitness_swiftApp.swift in Sources */,
			);
			runOnlyForDeploymentPostprocessing = 0;
		};
		E584ADE026220951006B836C /* Sources */ = {
			isa = PBXSourcesBuildPhase;
			buildActionMask = 2147483647;
			files = (
				E584ADE926220951006B836C /* Fitness_swiftTests.swift in Sources */,
			);
			runOnlyForDeploymentPostprocessing = 0;
		};
		E584ADEB26220951006B836C /* Sources */ = {
			isa = PBXSourcesBuildPhase;
			buildActionMask = 2147483647;
			files = (
				E584ADF426220951006B836C /* Fitness_swiftUITests.swift in Sources */,
			);
			runOnlyForDeploymentPostprocessing = 0;
		};
/* End PBXSourcesBuildPhase section */

/* Begin PBXTargetDependency section */
		E584ADE626220951006B836C /* PBXTargetDependency */ = {
			isa = PBXTargetDependency;
			target = E584ADD22622094E006B836C /* Fitness_swift */;
			targetProxy = E584ADE526220951006B836C /* PBXContainerItemProxy */;
		};
		E584ADF126220951006B836C /* PBXTargetDependency */ = {
			isa = PBXTargetDependency;
			target = E584ADD22622094E006B836C /* Fitness_swift */;
			targetProxy = E584ADF026220951006B836C /* PBXContainerItemProxy */;
		};
/* End PBXTargetDependency section */

/* Begin XCBuildConfiguration section */
		E584ADF626220951006B836C /* Debug */ = {
			isa = XCBuildConfiguration;
			buildSettings = {
				ALWAYS_SEARCH_USER_PATHS = NO;
				CLANG_ANALYZER_NONNULL = YES;
				CLANG_ANALYZER_NUMBER_OBJECT_CONVERSION = YES_AGGRESSIVE;
				CLANG_CXX_LANGUAGE_STANDARD = "gnu++14";
				CLANG_CXX_LIBRARY = "libc++";
				CLANG_ENABLE_MODULES = YES;
				CLANG_ENABLE_OBJC_ARC = YES;
				CLANG_ENABLE_OBJC_WEAK = YES;
				CLANG_WARN_BLOCK_CAPTURE_AUTORELEASING = YES;
				CLANG_WARN_BOOL_CONVERSION = YES;
				CLANG_WARN_COMMA = YES;
				CLANG_WARN_CONSTANT_CONVERSION = YES;
				CLANG_WARN_DEPRECATED_OBJC_IMPLEMENTATIONS = YES;
				CLANG_WARN_DIRECT_OBJC_ISA_USAGE = YES_ERROR;
				CLANG_WARN_DOCUMENTATION_COMMENTS = YES;
				CLANG_WARN_EMPTY_BODY = YES;
				CLANG_WARN_ENUM_CONVERSION = YES;
				CLANG_WARN_INFINITE_RECURSION = YES;
				CLANG_WARN_INT_CONVERSION = YES;
				CLANG_WARN_NON_LITERAL_NULL_CONVERSION = YES;
				CLANG_WARN_OBJC_IMPLICIT_RETAIN_SELF = YES;
				CLANG_WARN_OBJC_LITERAL_CONVERSION = YES;
				CLANG_WARN_OBJC_ROOT_CLASS = YES_ERROR;
				CLANG_WARN_QUOTED_INCLUDE_IN_FRAMEWORK_HEADER = YES;
				CLANG_WARN_RANGE_LOOP_ANALYSIS = YES;
				CLANG_WARN_STRICT_PROTOTYPES = YES;
				CLANG_WARN_SUSPICIOUS_MOVE = YES;
				CLANG_WARN_UNGUARDED_AVAILABILITY = YES_AGGRESSIVE;
				CLANG_WARN_UNREACHABLE_CODE = YES;
				CLANG_WARN__DUPLICATE_METHOD_MATCH = YES;
				COPY_PHASE_STRIP = NO;
				DEBUG_INFORMATION_FORMAT = dwarf;
				ENABLE_STRICT_OBJC_MSGSEND = YES;
				ENABLE_TESTABILITY = YES;
				GCC_C_LANGUAGE_STANDARD = gnu11;
				GCC_DYNAMIC_NO_PIC = NO;
				GCC_NO_COMMON_BLOCKS = YES;
				GCC_OPTIMIZATION_LEVEL = 0;
				GCC_PREPROCESSOR_DEFINITIONS = (
					"DEBUG=1",
					"$(inherited)",
				);
				GCC_WARN_64_TO_32_BIT_CONVERSION = YES;
				GCC_WARN_ABOUT_RETURN_TYPE = YES_ERROR;
				GCC_WARN_UNDECLARED_SELECTOR = YES;
				GCC_WARN_UNINITIALIZED_AUTOS = YES_AGGRESSIVE;
				GCC_WARN_UNUSED_FUNCTION = YES;
				GCC_WARN_UNUSED_VARIABLE = YES;
				IPHONEOS_DEPLOYMENT_TARGET = 14.4;
				MTL_ENABLE_DEBUG_INFO = INCLUDE_SOURCE;
				MTL_FAST_MATH = YES;
				ONLY_ACTIVE_ARCH = YES;
				SDKROOT = iphoneos;
				SWIFT_ACTIVE_COMPILATION_CONDITIONS = DEBUG;
				SWIFT_OPTIMIZATION_LEVEL = "-Onone";
			};
			name = Debug;
		};
		E584ADF726220951006B836C /* Release */ = {
			isa = XCBuildConfiguration;
			buildSettings = {
				ALWAYS_SEARCH_USER_PATHS = NO;
				CLANG_ANALYZER_NONNULL = YES;
				CLANG_ANALYZER_NUMBER_OBJECT_CONVERSION = YES_AGGRESSIVE;
				CLANG_CXX_LANGUAGE_STANDARD = "gnu++14";
				CLANG_CXX_LIBRARY = "libc++";
				CLANG_ENABLE_MODULES = YES;
				CLANG_ENABLE_OBJC_ARC = YES;
				CLANG_ENABLE_OBJC_WEAK = YES;
				CLANG_WARN_BLOCK_CAPTURE_AUTORELEASING = YES;
				CLANG_WARN_BOOL_CONVERSION = YES;
				CLANG_WARN_COMMA = YES;
				CLANG_WARN_CONSTANT_CONVERSION = YES;
				CLANG_WARN_DEPRECATED_OBJC_IMPLEMENTATIONS = YES;
				CLANG_WARN_DIRECT_OBJC_ISA_USAGE = YES_ERROR;
				CLANG_WARN_DOCUMENTATION_COMMENTS = YES;
				CLANG_WARN_EMPTY_BODY = YES;
				CLANG_WARN_ENUM_CONVERSION = YES;
				CLANG_WARN_INFINITE_RECURSION = YES;
				CLANG_WARN_INT_CONVERSION = YES;
				CLANG_WARN_NON_LITERAL_NULL_CONVERSION = YES;
				CLANG_WARN_OBJC_IMPLICIT_RETAIN_SELF = YES;
				CLANG_WARN_OBJC_LITERAL_CONVERSION = YES;
				CLANG_WARN_OBJC_ROOT_CLASS = YES_ERROR;
				CLANG_WARN_QUOTED_INCLUDE_IN_FRAMEWORK_HEADER = YES;
				CLANG_WARN_RANGE_LOOP_ANALYSIS = YES;
				CLANG_WARN_STRICT_PROTOTYPES = YES;
				CLANG_WARN_SUSPICIOUS_MOVE = YES;
				CLANG_WARN_UNGUARDED_AVAILABILITY = YES_AGGRESSIVE;
				CLANG_WARN_UNREACHABLE_CODE = YES;
				CLANG_WARN__DUPLICATE_METHOD_MATCH = YES;
				COPY_PHASE_STRIP = NO;
				DEBUG_INFORMATION_FORMAT = "dwarf-with-dsym";
				ENABLE_NS_ASSERTIONS = NO;
				ENABLE_STRICT_OBJC_MSGSEND = YES;
				GCC_C_LANGUAGE_STANDARD = gnu11;
				GCC_NO_COMMON_BLOCKS = YES;
				GCC_WARN_64_TO_32_BIT_CONVERSION = YES;
				GCC_WARN_ABOUT_RETURN_TYPE = YES_ERROR;
				GCC_WARN_UNDECLARED_SELECTOR = YES;
				GCC_WARN_UNINITIALIZED_AUTOS = YES_AGGRESSIVE;
				GCC_WARN_UNUSED_FUNCTION = YES;
				GCC_WARN_UNUSED_VARIABLE = YES;
				IPHONEOS_DEPLOYMENT_TARGET = 14.4;
				MTL_ENABLE_DEBUG_INFO = NO;
				MTL_FAST_MATH = YES;
				SDKROOT = iphoneos;
				SWIFT_COMPILATION_MODE = wholemodule;
				SWIFT_OPTIMIZATION_LEVEL = "-O";
				VALIDATE_PRODUCT = YES;
			};
			name = Release;
		};
		E584ADF926220951006B836C /* Debug */ = {
			isa = XCBuildConfiguration;
			baseConfigurationReference = ECFB8509E0B84CB753BE8774 /* Pods-Fitness_swift.debug.xcconfig */;
			buildSettings = {
				ASSETCATALOG_COMPILER_APPICON_NAME = AppIcon;
				ASSETCATALOG_COMPILER_GLOBAL_ACCENT_COLOR_NAME = AccentColor;
				CODE_SIGN_STYLE = Automatic;
				DEVELOPMENT_ASSET_PATHS = "\"Fitness_swift/Preview Content\"";
				DEVELOPMENT_TEAM = 98LCCHCWZ7;
				ENABLE_PREVIEWS = YES;
				INFOPLIST_FILE = Fitness_swift/Info.plist;
				IPHONEOS_DEPLOYMENT_TARGET = 14.0;
				LD_RUNPATH_SEARCH_PATHS = (
					"$(inherited)",
					"@executable_path/Frameworks",
				);
				PRODUCT_BUNDLE_IDENTIFIER = "Abhi-Wangoo.Fitness-swift";
				PRODUCT_NAME = "$(TARGET_NAME)";
				SWIFT_VERSION = 5.0;
				TARGETED_DEVICE_FAMILY = "1,2";
			};
			name = Debug;
		};
		E584ADFA26220951006B836C /* Release */ = {
			isa = XCBuildConfiguration;
			baseConfigurationReference = 8A66AD3F79A949D078D8AB3A /* Pods-Fitness_swift.release.xcconfig */;
			buildSettings = {
				ASSETCATALOG_COMPILER_APPICON_NAME = AppIcon;
				ASSETCATALOG_COMPILER_GLOBAL_ACCENT_COLOR_NAME = AccentColor;
				CODE_SIGN_STYLE = Automatic;
				DEVELOPMENT_ASSET_PATHS = "\"Fitness_swift/Preview Content\"";
				DEVELOPMENT_TEAM = 98LCCHCWZ7;
				ENABLE_PREVIEWS = YES;
				INFOPLIST_FILE = Fitness_swift/Info.plist;
				IPHONEOS_DEPLOYMENT_TARGET = 14.0;
				LD_RUNPATH_SEARCH_PATHS = (
					"$(inherited)",
					"@executable_path/Frameworks",
				);
				PRODUCT_BUNDLE_IDENTIFIER = "Abhi-Wangoo.Fitness-swift";
				PRODUCT_NAME = "$(TARGET_NAME)";
				SWIFT_VERSION = 5.0;
				TARGETED_DEVICE_FAMILY = "1,2";
			};
			name = Release;
		};
		E584ADFC26220951006B836C /* Debug */ = {
			isa = XCBuildConfiguration;
			baseConfigurationReference = C2F3DCD7AB4A6813553D290F /* Pods-Fitness_swiftTests.debug.xcconfig */;
			buildSettings = {
				ALWAYS_EMBED_SWIFT_STANDARD_LIBRARIES = YES;
				BUNDLE_LOADER = "$(TEST_HOST)";
				CODE_SIGN_STYLE = Automatic;
				INFOPLIST_FILE = Fitness_swiftTests/Info.plist;
				IPHONEOS_DEPLOYMENT_TARGET = 14.0;
				LD_RUNPATH_SEARCH_PATHS = (
					"$(inherited)",
					"@executable_path/Frameworks",
					"@loader_path/Frameworks",
				);
				PRODUCT_BUNDLE_IDENTIFIER = "Abhi-Wangoo.Fitness-swiftTests";
				PRODUCT_NAME = "$(TARGET_NAME)";
				SWIFT_VERSION = 5.0;
				TARGETED_DEVICE_FAMILY = "1,2";
				TEST_HOST = "$(BUILT_PRODUCTS_DIR)/Fitness_swift.app/Fitness_swift";
			};
			name = Debug;
		};
		E584ADFD26220951006B836C /* Release */ = {
			isa = XCBuildConfiguration;
			baseConfigurationReference = CD4C4F0425EBAE8F7944B514 /* Pods-Fitness_swiftTests.release.xcconfig */;
			buildSettings = {
				ALWAYS_EMBED_SWIFT_STANDARD_LIBRARIES = YES;
				BUNDLE_LOADER = "$(TEST_HOST)";
				CODE_SIGN_STYLE = Automatic;
				INFOPLIST_FILE = Fitness_swiftTests/Info.plist;
				IPHONEOS_DEPLOYMENT_TARGET = 14.0;
				LD_RUNPATH_SEARCH_PATHS = (
					"$(inherited)",
					"@executable_path/Frameworks",
					"@loader_path/Frameworks",
				);
				PRODUCT_BUNDLE_IDENTIFIER = "Abhi-Wangoo.Fitness-swiftTests";
				PRODUCT_NAME = "$(TARGET_NAME)";
				SWIFT_VERSION = 5.0;
				TARGETED_DEVICE_FAMILY = "1,2";
				TEST_HOST = "$(BUILT_PRODUCTS_DIR)/Fitness_swift.app/Fitness_swift";
			};
			name = Release;
		};
		E584ADFF26220951006B836C /* Debug */ = {
			isa = XCBuildConfiguration;
			baseConfigurationReference = 64C08FF138D84D1C53D785F4 /* Pods-Fitness_swift-Fitness_swiftUITests.debug.xcconfig */;
			buildSettings = {
				ALWAYS_EMBED_SWIFT_STANDARD_LIBRARIES = YES;
				CODE_SIGN_STYLE = Automatic;
				INFOPLIST_FILE = Fitness_swiftUITests/Info.plist;
				LD_RUNPATH_SEARCH_PATHS = (
					"$(inherited)",
					"@executable_path/Frameworks",
					"@loader_path/Frameworks",
				);
				PRODUCT_BUNDLE_IDENTIFIER = "Abhi-Wangoo.Fitness-swiftUITests";
				PRODUCT_NAME = "$(TARGET_NAME)";
				SWIFT_VERSION = 5.0;
				TARGETED_DEVICE_FAMILY = "1,2";
				TEST_TARGET_NAME = Fitness_swift;
			};
			name = Debug;
		};
		E584AE0026220951006B836C /* Release */ = {
			isa = XCBuildConfiguration;
			baseConfigurationReference = 8BBD0AB8FA81A57CB1B4AD78 /* Pods-Fitness_swift-Fitness_swiftUITests.release.xcconfig */;
			buildSettings = {
				ALWAYS_EMBED_SWIFT_STANDARD_LIBRARIES = YES;
				CODE_SIGN_STYLE = Automatic;
				INFOPLIST_FILE = Fitness_swiftUITests/Info.plist;
				LD_RUNPATH_SEARCH_PATHS = (
					"$(inherited)",
					"@executable_path/Frameworks",
					"@loader_path/Frameworks",
				);
				PRODUCT_BUNDLE_IDENTIFIER = "Abhi-Wangoo.Fitness-swiftUITests";
				PRODUCT_NAME = "$(TARGET_NAME)";
				SWIFT_VERSION = 5.0;
				TARGETED_DEVICE_FAMILY = "1,2";
				TEST_TARGET_NAME = Fitness_swift;
			};
			name = Release;
		};
/* End XCBuildConfiguration section */

/* Begin XCConfigurationList section */
		E584ADCE2622094E006B836C /* Build configuration list for PBXProject "Fitness_swift" */ = {
			isa = XCConfigurationList;
			buildConfigurations = (
				E584ADF626220951006B836C /* Debug */,
				E584ADF726220951006B836C /* Release */,
			);
			defaultConfigurationIsVisible = 0;
			defaultConfigurationName = Release;
		};
		E584ADF826220951006B836C /* Build configuration list for PBXNativeTarget "Fitness_swift" */ = {
			isa = XCConfigurationList;
			buildConfigurations = (
				E584ADF926220951006B836C /* Debug */,
				E584ADFA26220951006B836C /* Release */,
			);
			defaultConfigurationIsVisible = 0;
			defaultConfigurationName = Release;
		};
		E584ADFB26220951006B836C /* Build configuration list for PBXNativeTarget "Fitness_swiftTests" */ = {
			isa = XCConfigurationList;
			buildConfigurations = (
				E584ADFC26220951006B836C /* Debug */,
				E584ADFD26220951006B836C /* Release */,
			);
			defaultConfigurationIsVisible = 0;
			defaultConfigurationName = Release;
		};
		E584ADFE26220951006B836C /* Build configuration list for PBXNativeTarget "Fitness_swiftUITests" */ = {
			isa = XCConfigurationList;
			buildConfigurations = (
				E584ADFF26220951006B836C /* Debug */,
				E584AE0026220951006B836C /* Release */,
			);
			defaultConfigurationIsVisible = 0;
			defaultConfigurationName = Release;
		};
/* End XCConfigurationList section */
	};
	rootObject = E584ADCB2622094E006B836C /* Project object */;
}
